{
  "originHash" : "b2b4b099dea00c2109675413c65c68a786be8a72da102c67a47bccdf12549c2a",
  "pins" : [
    {
      "identity" : "swift-docc-plugin",
      "kind" : "remoteSourceControl",
      "location" : "https://github.com/swiftlang/swift-docc-plugin",
      "state" : {
        "revision" : "85e4bb4e1cd62cec64a4b8e769dcefdf0c5b9d64",
        "version" : "1.4.3"
      }
    },
    {
      "identity" : "swift-docc-symbolkit",
      "kind" : "remoteSourceControl",
      "location" : "https://github.com/swiftlang/swift-docc-symbolkit",
      "state" : {
        "revision" : "b45d1f2ed151d057b54504d653e0da5552844e34",
        "version" : "1.0.0"
      }
    },
    {
      "identity" : "swift-syntax",
      "kind" : "remoteSourceControl",
      "location" : "https://github.com/swiftlang/swift-syntax",
      "state" : {
        "branch" : "release/6.2.0",
        "revision" : "21b3b45635decd1a0b89968f81b6d9a93128f773"
      }
    },
    {
      "identity" : "syntaxink",
      "kind" : "remoteSourceControl",
      "location" : "https://github.com/mtj0928/SyntaxInk",
      "state" : {
        "branch" : "swift6.2",
        "revision" : "2930037d6980ba38d53de4aea4b9ac00ee719093"
      }
    }
  ],
  "version" : 3
}
