{
  "originHash" : "8bc4397f7f8827eb9da5a2fb38c45283499892d7c437674bb34138569968e519",
  "pins" : [
    {
      "identity" : "swift-docc-plugin",
      "kind" : "remoteSourceControl",
      "location" : "https://github.com/swiftlang/swift-docc-plugin",
      "state" : {
        "revision" : "85e4bb4e1cd62cec64a4b8e769dcefdf0c5b9d64",
        "version" : "1.4.3"
      }
    },
    {
      "identity" : "swift-docc-symbolkit",
      "kind" : "remoteSourceControl",
      "location" : "https://github.com/swiftlang/swift-docc-symbolkit",
      "state" : {
        "revision" : "b45d1f2ed151d057b54504d653e0da5552844e34",
        "version" : "1.0.0"
      }
    },
    {
      "identity" : "swift-syntax",
      "kind" : "remoteSourceControl",
      "location" : "https://github.com/swiftlang/swift-syntax",
      "state" : {
        "revision" : "f99ae8aa18f0cf0d53481901f88a0991dc3bd4a2",
        "version" : "601.0.1"
      }
    },
    {
      "identity" : "syntaxink",
      "kind" : "remoteSourceControl",
      "location" : "https://github.com/mtj0928/SyntaxInk",
      "state" : {
        "revision" : "66fea7139f8e27cc2ac7c42fa9a5167c59685e16",
        "version" : "0.0.2"
      }
    }
  ],
  "version" : 3
}
