// !$*UTF8*$!
{
	archiveVersion = 1;
	classes = {
	};
	objectVersion = 56;
	objects = {

/* Begin PBXBuildFile section */
		04E2C03928B8D82D0076F292 /* BasicSlide.swift in Sources */ = {isa = PBXBuildFile; fileRef = 04E2C03828B8D82D0076F292 /* BasicSlide.swift */; };
		1808A4C228B674A500E7AC77 /* SlideKitDemo_iOSApp.swift in Sources */ = {isa = PBXBuildFile; fileRef = 1808A4C128B674A500E7AC77 /* SlideKitDemo_iOSApp.swift */; };
		1808A4C628B674A600E7AC77 /* Assets.xcassets in Resources */ = {isa = PBXBuildFile; fileRef = 1808A4C528B674A600E7AC77 /* Assets.xcassets */; };
		1808A4C928B674A600E7AC77 /* Preview Assets.xcassets in Resources */ = {isa = PBXBuildFile; fileRef = 1808A4C828B674A600E7AC77 /* Preview Assets.xcassets */; };
		1808A4D028B674CB00E7AC77 /* AppDelegate.swift in Sources */ = {isa = PBXBuildFile; fileRef = 1808A4CF28B674CB00E7AC77 /* AppDelegate.swift */; };
		1808A4D228B6751900E7AC77 /* SceneDelegate.swift in Sources */ = {isa = PBXBuildFile; fileRef = 1808A4D128B6751900E7AC77 /* SceneDelegate.swift */; };
		1808A4D528B6752800E7AC77 /* SlideKit in Frameworks */ = {isa = PBXBuildFile; productRef = 1808A4D428B6752800E7AC77 /* SlideKit */; };
		1808A4DB28B677F200E7AC77 /* TitleSlide.swift in Sources */ = {isa = PBXBuildFile; fileRef = 1808A4DA28B677F200E7AC77 /* TitleSlide.swift */; };
/* End PBXBuildFile section */

/* Begin PBXFileReference section */
		04E2C03828B8D82D0076F292 /* BasicSlide.swift */ = {isa = PBXFileReference; lastKnownFileType = sourcecode.swift; path = BasicSlide.swift; sourceTree = "<group>"; };
		1808A4BE28B674A500E7AC77 /* SlideKitDemo-iOS.app */ = {isa = PBXFileReference; explicitFileType = wrapper.application; includeInIndex = 0; path = "SlideKitDemo-iOS.app"; sourceTree = BUILT_PRODUCTS_DIR; };
		1808A4C128B674A500E7AC77 /* SlideKitDemo_iOSApp.swift */ = {isa = PBXFileReference; lastKnownFileType = sourcecode.swift; path = SlideKitDemo_iOSApp.swift; sourceTree = "<group>"; };
		1808A4C528B674A600E7AC77 /* Assets.xcassets */ = {isa = PBXFileReference; lastKnownFileType = folder.assetcatalog; path = Assets.xcassets; sourceTree = "<group>"; };
		1808A4C828B674A600E7AC77 /* Preview Assets.xcassets */ = {isa = PBXFileReference; lastKnownFileType = folder.assetcatalog; path = "Preview Assets.xcassets"; sourceTree = "<group>"; };
		1808A4CF28B674CB00E7AC77 /* AppDelegate.swift */ = {isa = PBXFileReference; lastKnownFileType = sourcecode.swift; path = AppDelegate.swift; sourceTree = "<group>"; };
		1808A4D128B6751900E7AC77 /* SceneDelegate.swift */ = {isa = PBXFileReference; lastKnownFileType = sourcecode.swift; path = SceneDelegate.swift; sourceTree = "<group>"; };
		1808A4DA28B677F200E7AC77 /* TitleSlide.swift */ = {isa = PBXFileReference; lastKnownFileType = sourcecode.swift; path = TitleSlide.swift; sourceTree = "<group>"; };
		1808A4DE28B67F9200E7AC77 /* Info.plist */ = {isa = PBXFileReference; lastKnownFileType = text.plist; path = Info.plist; sourceTree = "<group>"; };
/* End PBXFileReference section */

/* Begin PBXFrameworksBuildPhase section */
		1808A4BB28B674A500E7AC77 /* Frameworks */ = {
			isa = PBXFrameworksBuildPhase;
			buildActionMask = 2147483647;
			files = (
				1808A4D528B6752800E7AC77 /* SlideKit in Frameworks */,
			);
			runOnlyForDeploymentPostprocessing = 0;
		};
/* End PBXFrameworksBuildPhase section */

/* Begin PBXGroup section */
		1808A4B528B674A500E7AC77 = {
			isa = PBXGroup;
			children = (
				1808A4C028B674A500E7AC77 /* SlideKitDemo-iOS */,
				1808A4BF28B674A500E7AC77 /* Products */,
				1808A4D328B6752800E7AC77 /* Frameworks */,
			);
			sourceTree = "<group>";
		};
		1808A4BF28B674A500E7AC77 /* Products */ = {
			isa = PBXGroup;
			children = (
				1808A4BE28B674A500E7AC77 /* SlideKitDemo-iOS.app */,
			);
			name = Products;
			sourceTree = "<group>";
		};
		1808A4C028B674A500E7AC77 /* SlideKitDemo-iOS */ = {
			isa = PBXGroup;
			children = (
				1808A4DE28B67F9200E7AC77 /* Info.plist */,
				1808A4C128B674A500E7AC77 /* SlideKitDemo_iOSApp.swift */,
				1808A4CF28B674CB00E7AC77 /* AppDelegate.swift */,
				1808A4D128B6751900E7AC77 /* SceneDelegate.swift */,
				1808A4D928B677E800E7AC77 /* Slides */,
				1808A4C528B674A600E7AC77 /* Assets.xcassets */,
				1808A4C728B674A600E7AC77 /* Preview Content */,
			);
			path = "SlideKitDemo-iOS";
			sourceTree = "<group>";
		};
		1808A4C728B674A600E7AC77 /* Preview Content */ = {
			isa = PBXGroup;
			children = (
				1808A4C828B674A600E7AC77 /* Preview Assets.xcassets */,
			);
			path = "Preview Content";
			sourceTree = "<group>";
		};
		1808A4D328B6752800E7AC77 /* Frameworks */ = {
			isa = PBXGroup;
			children = (
			);
			name = Frameworks;
			sourceTree = "<group>";
		};
		1808A4D928B677E800E7AC77 /* Slides */ = {
			isa = PBXGroup;
			children = (
				1808A4DA28B677F200E7AC77 /* TitleSlide.swift */,
				04E2C03828B8D82D0076F292 /* BasicSlide.swift */,
			);
			path = Slides;
			sourceTree = "<group>";
		};
/* End PBXGroup section */

/* Begin PBXNativeTarget section */
		1808A4BD28B674A500E7AC77 /* SlideKitDemo-iOS */ = {
			isa = PBXNativeTarget;
			buildConfigurationList = 1808A4CC28B674A600E7AC77 /* Build configuration list for PBXNativeTarget "SlideKitDemo-iOS" */;
			buildPhases = (
				1808A4BA28B674A500E7AC77 /* Sources */,
				1808A4BB28B674A500E7AC77 /* Frameworks */,
				1808A4BC28B674A500E7AC77 /* Resources */,
			);
			buildRules = (
			);
			dependencies = (
			);
			name = "SlideKitDemo-iOS";
			packageProductDependencies = (
				1808A4D428B6752800E7AC77 /* SlideKit */,
			);
			productName = "SlideKitDemo-iOS";
			productReference = 1808A4BE28B674A500E7AC77 /* SlideKitDemo-iOS.app */;
			productType = "com.apple.product-type.application";
		};
/* End PBXNativeTarget section */

/* Begin PBXProject section */
		1808A4B628B674A500E7AC77 /* Project object */ = {
			isa = PBXProject;
			attributes = {
				BuildIndependentTargetsInParallel = 1;
				LastSwiftUpdateCheck = 1400;
				LastUpgradeCheck = 1400;
				TargetAttributes = {
					1808A4BD28B674A500E7AC77 = {
						CreatedOnToolsVersion = 14.0;
					};
				};
			};
			buildConfigurationList = 1808A4B928B674A500E7AC77 /* Build configuration list for PBXProject "SlideKitDemo-iOS" */;
			compatibilityVersion = "Xcode 14.0";
			developmentRegion = en;
			hasScannedForEncodings = 0;
			knownRegions = (
				en,
				Base,
			);
			mainGroup = 1808A4B528B674A500E7AC77;
			productRefGroup = 1808A4BF28B674A500E7AC77 /* Products */;
			projectDirPath = "";
			projectRoot = "";
			targets = (
				1808A4BD28B674A500E7AC77 /* SlideKitDemo-iOS */,
			);
		};
/* End PBXProject section */

/* Begin PBXResourcesBuildPhase section */
		1808A4BC28B674A500E7AC77 /* Resources */ = {
			isa = PBXResourcesBuildPhase;
			buildActionMask = 2147483647;
			files = (
				1808A4C928B674A600E7AC77 /* Preview Assets.xcassets in Resources */,
				1808A4C628B674A600E7AC77 /* Assets.xcassets in Resources */,
			);
			runOnlyForDeploymentPostprocessing = 0;
		};
/* End PBXResourcesBuildPhase section */

/* Begin PBXSourcesBuildPhase section */
		1808A4BA28B674A500E7AC77 /* Sources */ = {
			isa = PBXSourcesBuildPhase;
			buildActionMask = 2147483647;
			files = (
				1808A4D028B674CB00E7AC77 /* AppDelegate.swift in Sources */,
				04E2C03928B8D82D0076F292 /* BasicSlide.swift in Sources */,
				1808A4C228B674A500E7AC77 /* SlideKitDemo_iOSApp.swift in Sources */,
				1808A4DB28B677F200E7AC77 /* TitleSlide.swift in Sources */,
				1808A4D228B6751900E7AC77 /* SceneDelegate.swift in Sources */,
			);
			runOnlyForDeploymentPostprocessing = 0;
		};
/* End PBXSourcesBuildPhase section */

/* Begin XCBuildConfiguration section */
		1808A4CA28B674A600E7AC77 /* Debug */ = {
			isa = XCBuildConfiguration;
			buildSettings = {
				ALWAYS_SEARCH_USER_PATHS = NO;
				CLANG_ANALYZER_NONNULL = YES;
				CLANG_ANALYZER_NUMBER_OBJECT_CONVERSION = YES_AGGRESSIVE;
				CLANG_CXX_LANGUAGE_STANDARD = "gnu++20";
				CLANG_ENABLE_MODULES = YES;
				CLANG_ENABLE_OBJC_ARC = YES;
				CLANG_ENABLE_OBJC_WEAK = YES;
				CLANG_WARN_BLOCK_CAPTURE_AUTORELEASING = YES;
				CLANG_WARN_BOOL_CONVERSION = YES;
				CLANG_WARN_COMMA = YES;
				CLANG_WARN_CONSTANT_CONVERSION = YES;
				CLANG_WARN_DEPRECATED_OBJC_IMPLEMENTATIONS = YES;
				CLANG_WARN_DIRECT_OBJC_ISA_USAGE = YES_ERROR;
				CLANG_WARN_DOCUMENTATION_COMMENTS = YES;
				CLANG_WARN_EMPTY_BODY = YES;
				CLANG_WARN_ENUM_CONVERSION = YES;
				CLANG_WARN_INFINITE_RECURSION = YES;
				CLANG_WARN_INT_CONVERSION = YES;
				CLANG_WARN_NON_LITERAL_NULL_CONVERSION = YES;
				CLANG_WARN_OBJC_IMPLICIT_RETAIN_SELF = YES;
				CLANG_WARN_OBJC_LITERAL_CONVERSION = YES;
				CLANG_WARN_OBJC_ROOT_CLASS = YES_ERROR;
				CLANG_WARN_QUOTED_INCLUDE_IN_FRAMEWORK_HEADER = YES;
				CLANG_WARN_RANGE_LOOP_ANALYSIS = YES;
				CLANG_WARN_STRICT_PROTOTYPES = YES;
				CLANG_WARN_SUSPICIOUS_MOVE = YES;
				CLANG_WARN_UNGUARDED_AVAILABILITY = YES_AGGRESSIVE;
				CLANG_WARN_UNREACHABLE_CODE = YES;
				CLANG_WARN__DUPLICATE_METHOD_MATCH = YES;
				COPY_PHASE_STRIP = NO;
				DEBUG_INFORMATION_FORMAT = dwarf;
				ENABLE_STRICT_OBJC_MSGSEND = YES;
				ENABLE_TESTABILITY = YES;
				GCC_C_LANGUAGE_STANDARD = gnu11;
				GCC_DYNAMIC_NO_PIC = NO;
				GCC_NO_COMMON_BLOCKS = YES;
				GCC_OPTIMIZATION_LEVEL = 0;
				GCC_PREPROCESSOR_DEFINITIONS = (
					"DEBUG=1",
					"$(inherited)",
				);
				GCC_WARN_64_TO_32_BIT_CONVERSION = YES;
				GCC_WARN_ABOUT_RETURN_TYPE = YES_ERROR;
				GCC_WARN_UNDECLARED_SELECTOR = YES;
				GCC_WARN_UNINITIALIZED_AUTOS = YES_AGGRESSIVE;
				GCC_WARN_UNUSED_FUNCTION = YES;
				GCC_WARN_UNUSED_VARIABLE = YES;
				IPHONEOS_DEPLOYMENT_TARGET = 16.0;
				MTL_ENABLE_DEBUG_INFO = INCLUDE_SOURCE;
				MTL_FAST_MATH = YES;
				ONLY_ACTIVE_ARCH = YES;
				SDKROOT = iphoneos;
				SWIFT_ACTIVE_COMPILATION_CONDITIONS = DEBUG;
				SWIFT_OPTIMIZATION_LEVEL = "-Onone";
			};
			name = Debug;
		};
		1808A4CB28B674A600E7AC77 /* Release */ = {
			isa = XCBuildConfiguration;
			buildSettings = {
				ALWAYS_SEARCH_USER_PATHS = NO;
				CLANG_ANALYZER_NONNULL = YES;
				CLANG_ANALYZER_NUMBER_OBJECT_CONVERSION = YES_AGGRESSIVE;
				CLANG_CXX_LANGUAGE_STANDARD = "gnu++20";
				CLANG_ENABLE_MODULES = YES;
				CLANG_ENABLE_OBJC_ARC = YES;
				CLANG_ENABLE_OBJC_WEAK = YES;
				CLANG_WARN_BLOCK_CAPTURE_AUTORELEASING = YES;
				CLANG_WARN_BOOL_CONVERSION = YES;
				CLANG_WARN_COMMA = YES;
				CLANG_WARN_CONSTANT_CONVERSION = YES;
				CLANG_WARN_DEPRECATED_OBJC_IMPLEMENTATIONS = YES;
				CLANG_WARN_DIRECT_OBJC_ISA_USAGE = YES_ERROR;
				CLANG_WARN_DOCUMENTATION_COMMENTS = YES;
				CLANG_WARN_EMPTY_BODY = YES;
				CLANG_WARN_ENUM_CONVERSION = YES;
				CLANG_WARN_INFINITE_RECURSION = YES;
				CLANG_WARN_INT_CONVERSION = YES;
				CLANG_WARN_NON_LITERAL_NULL_CONVERSION = YES;
				CLANG_WARN_OBJC_IMPLICIT_RETAIN_SELF = YES;
				CLANG_WARN_OBJC_LITERAL_CONVERSION = YES;
				CLANG_WARN_OBJC_ROOT_CLASS = YES_ERROR;
				CLANG_WARN_QUOTED_INCLUDE_IN_FRAMEWORK_HEADER = YES;
				CLANG_WARN_RANGE_LOOP_ANALYSIS = YES;
				CLANG_WARN_STRICT_PROTOTYPES = YES;
				CLANG_WARN_SUSPICIOUS_MOVE = YES;
				CLANG_WARN_UNGUARDED_AVAILABILITY = YES_AGGRESSIVE;
				CLANG_WARN_UNREACHABLE_CODE = YES;
				CLANG_WARN__DUPLICATE_METHOD_MATCH = YES;
				COPY_PHASE_STRIP = NO;
				DEBUG_INFORMATION_FORMAT = "dwarf-with-dsym";
				ENABLE_NS_ASSERTIONS = NO;
				ENABLE_STRICT_OBJC_MSGSEND = YES;
				GCC_C_LANGUAGE_STANDARD = gnu11;
				GCC_NO_COMMON_BLOCKS = YES;
				GCC_WARN_64_TO_32_BIT_CONVERSION = YES;
				GCC_WARN_ABOUT_RETURN_TYPE = YES_ERROR;
				GCC_WARN_UNDECLARED_SELECTOR = YES;
				GCC_WARN_UNINITIALIZED_AUTOS = YES_AGGRESSIVE;
				GCC_WARN_UNUSED_FUNCTION = YES;
				GCC_WARN_UNUSED_VARIABLE = YES;
				IPHONEOS_DEPLOYMENT_TARGET = 16.0;
				MTL_ENABLE_DEBUG_INFO = NO;
				MTL_FAST_MATH = YES;
				SDKROOT = iphoneos;
				SWIFT_COMPILATION_MODE = wholemodule;
				SWIFT_OPTIMIZATION_LEVEL = "-O";
				VALIDATE_PRODUCT = YES;
			};
			name = Release;
		};
		1808A4CD28B674A600E7AC77 /* Debug */ = {
			isa = XCBuildConfiguration;
			buildSettings = {
				ASSETCATALOG_COMPILER_APPICON_NAME = AppIcon;
				ASSETCATALOG_COMPILER_GLOBAL_ACCENT_COLOR_NAME = AccentColor;
				CODE_SIGN_STYLE = Automatic;
				CURRENT_PROJECT_VERSION = 1;
				DEVELOPMENT_ASSET_PATHS = "\"SlideKitDemo-iOS/Preview Content\"";
				DEVELOPMENT_TEAM = 79Q7G522V8;
				ENABLE_PREVIEWS = YES;
				GENERATE_INFOPLIST_FILE = YES;
				INFOPLIST_FILE = "SlideKitDemo-iOS/Info.plist";
				INFOPLIST_KEY_UIApplicationSupportsIndirectInputEvents = YES;
				INFOPLIST_KEY_UILaunchScreen_Generation = YES;
				INFOPLIST_KEY_UISupportedInterfaceOrientations_iPad = "UIInterfaceOrientationPortrait UIInterfaceOrientationPortraitUpsideDown UIInterfaceOrientationLandscapeLeft UIInterfaceOrientationLandscapeRight";
				INFOPLIST_KEY_UISupportedInterfaceOrientations_iPhone = "UIInterfaceOrientationPortrait UIInterfaceOrientationLandscapeLeft UIInterfaceOrientationLandscapeRight";
				LD_RUNPATH_SEARCH_PATHS = (
					"$(inherited)",
					"@executable_path/Frameworks",
				);
				MARKETING_VERSION = 1.0;
				PRODUCT_BUNDLE_IDENTIFIER = "net.matsuji.SlideKitDemo-iOS";
				PRODUCT_NAME = "$(TARGET_NAME)";
				SWIFT_EMIT_LOC_STRINGS = YES;
				SWIFT_VERSION = 5.0;
				TARGETED_DEVICE_FAMILY = "1,2";
			};
			name = Debug;
		};
		1808A4CE28B674A600E7AC77 /* Release */ = {
			isa = XCBuildConfiguration;
			buildSettings = {
				ASSETCATALOG_COMPILER_APPICON_NAME = AppIcon;
				ASSETCATALOG_COMPILER_GLOBAL_ACCENT_COLOR_NAME = AccentColor;
				CODE_SIGN_STYLE = Automatic;
				CURRENT_PROJECT_VERSION = 1;
				DEVELOPMENT_ASSET_PATHS = "\"SlideKitDemo-iOS/Preview Content\"";
				DEVELOPMENT_TEAM = 79Q7G522V8;
				ENABLE_PREVIEWS = YES;
				GENERATE_INFOPLIST_FILE = YES;
				INFOPLIST_FILE = "SlideKitDemo-iOS/Info.plist";
				INFOPLIST_KEY_UIApplicationSupportsIndirectInputEvents = YES;
				INFOPLIST_KEY_UILaunchScreen_Generation = YES;
				INFOPLIST_KEY_UISupportedInterfaceOrientations_iPad = "UIInterfaceOrientationPortrait UIInterfaceOrientationPortraitUpsideDown UIInterfaceOrientationLandscapeLeft UIInterfaceOrientationLandscapeRight";
				INFOPLIST_KEY_UISupportedInterfaceOrientations_iPhone = "UIInterfaceOrientationPortrait UIInterfaceOrientationLandscapeLeft UIInterfaceOrientationLandscapeRight";
				LD_RUNPATH_SEARCH_PATHS = (
					"$(inherited)",
					"@executable_path/Frameworks",
				);
				MARKETING_VERSION = 1.0;
				PRODUCT_BUNDLE_IDENTIFIER = "net.matsuji.SlideKitDemo-iOS";
				PRODUCT_NAME = "$(TARGET_NAME)";
				SWIFT_EMIT_LOC_STRINGS = YES;
				SWIFT_VERSION = 5.0;
				TARGETED_DEVICE_FAMILY = "1,2";
			};
			name = Release;
		};
/* End XCBuildConfiguration section */

/* Begin XCConfigurationList section */
		1808A4B928B674A500E7AC77 /* Build configuration list for PBXProject "SlideKitDemo-iOS" */ = {
			isa = XCConfigurationList;
			buildConfigurations = (
				1808A4CA28B674A600E7AC77 /* Debug */,
				1808A4CB28B674A600E7AC77 /* Release */,
			);
			defaultConfigurationIsVisible = 0;
			defaultConfigurationName = Release;
		};
		1808A4CC28B674A600E7AC77 /* Build configuration list for PBXNativeTarget "SlideKitDemo-iOS" */ = {
			isa = XCConfigurationList;
			buildConfigurations = (
				1808A4CD28B674A600E7AC77 /* Debug */,
				1808A4CE28B674A600E7AC77 /* Release */,
			);
			defaultConfigurationIsVisible = 0;
			defaultConfigurationName = Release;
		};
/* End XCConfigurationList section */

/* Begin XCSwiftPackageProductDependency section */
		1808A4D428B6752800E7AC77 /* SlideKit */ = {
			isa = XCSwiftPackageProductDependency;
			productName = SlideKit;
		};
/* End XCSwiftPackageProductDependency section */
	};
	rootObject = 1808A4B628B674A500E7AC77 /* Project object */;
}
