// !$*UTF8*$!
{
	archiveVersion = 1;
	classes = {
	};
	objectVersion = 56;
	objects = {

/* Begin PBXBuildFile section */
		04E2C08028B9155D0076F292 /* SlideKitDemo_macOSApp.swift in Sources */ = {isa = PBXBuildFile; fileRef = 04E2C07F28B9155D0076F292 /* SlideKitDemo_macOSApp.swift */; };
		04E2C08428B9155E0076F292 /* Assets.xcassets in Resources */ = {isa = PBXBuildFile; fileRef = 04E2C08328B9155E0076F292 /* Assets.xcassets */; };
		04E2C08728B9155E0076F292 /* Preview Assets.xcassets in Resources */ = {isa = PBXBuildFile; fileRef = 04E2C08628B9155E0076F292 /* Preview Assets.xcassets */; };
		04E2C09028B915A60076F292 /* SlideKit in Frameworks */ = {isa = PBXBuildFile; productRef = 04E2C08F28B915A60076F292 /* SlideKit */; };
		04E2C09328B9AA820076F292 /* BasicSlide.swift in Sources */ = {isa = PBXBuildFile; fileRef = 04E2C09228B9AA820076F292 /* BasicSlide.swift */; };
/* End PBXBuildFile section */

/* Begin PBXFileReference section */
		04E2C07C28B9155D0076F292 /* SlideKitDemo-macOS.app */ = {isa = PBXFileReference; explicitFileType = wrapper.application; includeInIndex = 0; path = "SlideKitDemo-macOS.app"; sourceTree = BUILT_PRODUCTS_DIR; };
		04E2C07F28B9155D0076F292 /* SlideKitDemo_macOSApp.swift */ = {isa = PBXFileReference; lastKnownFileType = sourcecode.swift; path = SlideKitDemo_macOSApp.swift; sourceTree = "<group>"; };
		04E2C08328B9155E0076F292 /* Assets.xcassets */ = {isa = PBXFileReference; lastKnownFileType = folder.assetcatalog; path = Assets.xcassets; sourceTree = "<group>"; };
		04E2C08628B9155E0076F292 /* Preview Assets.xcassets */ = {isa = PBXFileReference; lastKnownFileType = folder.assetcatalog; path = "Preview Assets.xcassets"; sourceTree = "<group>"; };
		04E2C08828B9155E0076F292 /* SlideKitDemo_macOS.entitlements */ = {isa = PBXFileReference; lastKnownFileType = text.plist.entitlements; path = SlideKitDemo_macOS.entitlements; sourceTree = "<group>"; };
		04E2C09228B9AA820076F292 /* BasicSlide.swift */ = {isa = PBXFileReference; lastKnownFileType = sourcecode.swift; path = BasicSlide.swift; sourceTree = "<group>"; };
/* End PBXFileReference section */

/* Begin PBXFrameworksBuildPhase section */
		04E2C07928B9155D0076F292 /* Frameworks */ = {
			isa = PBXFrameworksBuildPhase;
			buildActionMask = 2147483647;
			files = (
				04E2C09028B915A60076F292 /* SlideKit in Frameworks */,
			);
			runOnlyForDeploymentPostprocessing = 0;
		};
/* End PBXFrameworksBuildPhase section */

/* Begin PBXGroup section */
		04E2C07328B9155D0076F292 = {
			isa = PBXGroup;
			children = (
				04E2C07E28B9155D0076F292 /* SlideKitDemo-macOS */,
				04E2C07D28B9155D0076F292 /* Products */,
				04E2C08E28B915A60076F292 /* Frameworks */,
			);
			sourceTree = "<group>";
		};
		04E2C07D28B9155D0076F292 /* Products */ = {
			isa = PBXGroup;
			children = (
				04E2C07C28B9155D0076F292 /* SlideKitDemo-macOS.app */,
			);
			name = Products;
			sourceTree = "<group>";
		};
		04E2C07E28B9155D0076F292 /* SlideKitDemo-macOS */ = {
			isa = PBXGroup;
			children = (
				04E2C07F28B9155D0076F292 /* SlideKitDemo_macOSApp.swift */,
				04E2C09128B9AA770076F292 /* Slides */,
				04E2C08328B9155E0076F292 /* Assets.xcassets */,
				04E2C08828B9155E0076F292 /* SlideKitDemo_macOS.entitlements */,
				04E2C08528B9155E0076F292 /* Preview Content */,
			);
			path = "SlideKitDemo-macOS";
			sourceTree = "<group>";
		};
		04E2C08528B9155E0076F292 /* Preview Content */ = {
			isa = PBXGroup;
			children = (
				04E2C08628B9155E0076F292 /* Preview Assets.xcassets */,
			);
			path = "Preview Content";
			sourceTree = "<group>";
		};
		04E2C08E28B915A60076F292 /* Frameworks */ = {
			isa = PBXGroup;
			children = (
			);
			name = Frameworks;
			sourceTree = "<group>";
		};
		04E2C09128B9AA770076F292 /* Slides */ = {
			isa = PBXGroup;
			children = (
				04E2C09228B9AA820076F292 /* BasicSlide.swift */,
			);
			path = Slides;
			sourceTree = "<group>";
		};
/* End PBXGroup section */

/* Begin PBXNativeTarget section */
		04E2C07B28B9155D0076F292 /* SlideKitDemo-macOS */ = {
			isa = PBXNativeTarget;
			buildConfigurationList = 04E2C08B28B9155E0076F292 /* Build configuration list for PBXNativeTarget "SlideKitDemo-macOS" */;
			buildPhases = (
				04E2C07828B9155D0076F292 /* Sources */,
				04E2C07928B9155D0076F292 /* Frameworks */,
				04E2C07A28B9155D0076F292 /* Resources */,
			);
			buildRules = (
			);
			dependencies = (
			);
			name = "SlideKitDemo-macOS";
			packageProductDependencies = (
				04E2C08F28B915A60076F292 /* SlideKit */,
			);
			productName = "SlideKitDemo-macOS";
			productReference = 04E2C07C28B9155D0076F292 /* SlideKitDemo-macOS.app */;
			productType = "com.apple.product-type.application";
		};
/* End PBXNativeTarget section */

/* Begin PBXProject section */
		04E2C07428B9155D0076F292 /* Project object */ = {
			isa = PBXProject;
			attributes = {
				BuildIndependentTargetsInParallel = 1;
				LastSwiftUpdateCheck = 1400;
				LastUpgradeCheck = 1400;
				TargetAttributes = {
					04E2C07B28B9155D0076F292 = {
						CreatedOnToolsVersion = 14.0;
					};
				};
			};
			buildConfigurationList = 04E2C07728B9155D0076F292 /* Build configuration list for PBXProject "SlideKitDemo-macOS" */;
			compatibilityVersion = "Xcode 14.0";
			developmentRegion = en;
			hasScannedForEncodings = 0;
			knownRegions = (
				en,
				Base,
			);
			mainGroup = 04E2C07328B9155D0076F292;
			productRefGroup = 04E2C07D28B9155D0076F292 /* Products */;
			projectDirPath = "";
			projectRoot = "";
			targets = (
				04E2C07B28B9155D0076F292 /* SlideKitDemo-macOS */,
			);
		};
/* End PBXProject section */

/* Begin PBXResourcesBuildPhase section */
		04E2C07A28B9155D0076F292 /* Resources */ = {
			isa = PBXResourcesBuildPhase;
			buildActionMask = 2147483647;
			files = (
				04E2C08728B9155E0076F292 /* Preview Assets.xcassets in Resources */,
				04E2C08428B9155E0076F292 /* Assets.xcassets in Resources */,
			);
			runOnlyForDeploymentPostprocessing = 0;
		};
/* End PBXResourcesBuildPhase section */

/* Begin PBXSourcesBuildPhase section */
		04E2C07828B9155D0076F292 /* Sources */ = {
			isa = PBXSourcesBuildPhase;
			buildActionMask = 2147483647;
			files = (
				04E2C09328B9AA820076F292 /* BasicSlide.swift in Sources */,
				04E2C08028B9155D0076F292 /* SlideKitDemo_macOSApp.swift in Sources */,
			);
			runOnlyForDeploymentPostprocessing = 0;
		};
/* End PBXSourcesBuildPhase section */

/* Begin XCBuildConfiguration section */
		04E2C08928B9155E0076F292 /* Debug */ = {
			isa = XCBuildConfiguration;
			buildSettings = {
				ALWAYS_SEARCH_USER_PATHS = NO;
				CLANG_ANALYZER_NONNULL = YES;
				CLANG_ANALYZER_NUMBER_OBJECT_CONVERSION = YES_AGGRESSIVE;
				CLANG_CXX_LANGUAGE_STANDARD = "gnu++20";
				CLANG_ENABLE_MODULES = YES;
				CLANG_ENABLE_OBJC_ARC = YES;
				CLANG_ENABLE_OBJC_WEAK = YES;
				CLANG_WARN_BLOCK_CAPTURE_AUTORELEASING = YES;
				CLANG_WARN_BOOL_CONVERSION = YES;
				CLANG_WARN_COMMA = YES;
				CLANG_WARN_CONSTANT_CONVERSION = YES;
				CLANG_WARN_DEPRECATED_OBJC_IMPLEMENTATIONS = YES;
				CLANG_WARN_DIRECT_OBJC_ISA_USAGE = YES_ERROR;
				CLANG_WARN_DOCUMENTATION_COMMENTS = YES;
				CLANG_WARN_EMPTY_BODY = YES;
				CLANG_WARN_ENUM_CONVERSION = YES;
				CLANG_WARN_INFINITE_RECURSION = YES;
				CLANG_WARN_INT_CONVERSION = YES;
				CLANG_WARN_NON_LITERAL_NULL_CONVERSION = YES;
				CLANG_WARN_OBJC_IMPLICIT_RETAIN_SELF = YES;
				CLANG_WARN_OBJC_LITERAL_CONVERSION = YES;
				CLANG_WARN_OBJC_ROOT_CLASS = YES_ERROR;
				CLANG_WARN_QUOTED_INCLUDE_IN_FRAMEWORK_HEADER = YES;
				CLANG_WARN_RANGE_LOOP_ANALYSIS = YES;
				CLANG_WARN_STRICT_PROTOTYPES = YES;
				CLANG_WARN_SUSPICIOUS_MOVE = YES;
				CLANG_WARN_UNGUARDED_AVAILABILITY = YES_AGGRESSIVE;
				CLANG_WARN_UNREACHABLE_CODE = YES;
				CLANG_WARN__DUPLICATE_METHOD_MATCH = YES;
				COPY_PHASE_STRIP = NO;
				DEBUG_INFORMATION_FORMAT = dwarf;
				ENABLE_STRICT_OBJC_MSGSEND = YES;
				ENABLE_TESTABILITY = YES;
				GCC_C_LANGUAGE_STANDARD = gnu11;
				GCC_DYNAMIC_NO_PIC = NO;
				GCC_NO_COMMON_BLOCKS = YES;
				GCC_OPTIMIZATION_LEVEL = 0;
				GCC_PREPROCESSOR_DEFINITIONS = (
					"DEBUG=1",
					"$(inherited)",
				);
				GCC_WARN_64_TO_32_BIT_CONVERSION = YES;
				GCC_WARN_ABOUT_RETURN_TYPE = YES_ERROR;
				GCC_WARN_UNDECLARED_SELECTOR = YES;
				GCC_WARN_UNINITIALIZED_AUTOS = YES_AGGRESSIVE;
				GCC_WARN_UNUSED_FUNCTION = YES;
				GCC_WARN_UNUSED_VARIABLE = YES;
				MACOSX_DEPLOYMENT_TARGET = 12.5;
				MTL_ENABLE_DEBUG_INFO = INCLUDE_SOURCE;
				MTL_FAST_MATH = YES;
				ONLY_ACTIVE_ARCH = YES;
				SDKROOT = macosx;
				SWIFT_ACTIVE_COMPILATION_CONDITIONS = DEBUG;
				SWIFT_OPTIMIZATION_LEVEL = "-Onone";
			};
			name = Debug;
		};
		04E2C08A28B9155E0076F292 /* Release */ = {
			isa = XCBuildConfiguration;
			buildSettings = {
				ALWAYS_SEARCH_USER_PATHS = NO;
				CLANG_ANALYZER_NONNULL = YES;
				CLANG_ANALYZER_NUMBER_OBJECT_CONVERSION = YES_AGGRESSIVE;
				CLANG_CXX_LANGUAGE_STANDARD = "gnu++20";
				CLANG_ENABLE_MODULES = YES;
				CLANG_ENABLE_OBJC_ARC = YES;
				CLANG_ENABLE_OBJC_WEAK = YES;
				CLANG_WARN_BLOCK_CAPTURE_AUTORELEASING = YES;
				CLANG_WARN_BOOL_CONVERSION = YES;
				CLANG_WARN_COMMA = YES;
				CLANG_WARN_CONSTANT_CONVERSION = YES;
				CLANG_WARN_DEPRECATED_OBJC_IMPLEMENTATIONS = YES;
				CLANG_WARN_DIRECT_OBJC_ISA_USAGE = YES_ERROR;
				CLANG_WARN_DOCUMENTATION_COMMENTS = YES;
				CLANG_WARN_EMPTY_BODY = YES;
				CLANG_WARN_ENUM_CONVERSION = YES;
				CLANG_WARN_INFINITE_RECURSION = YES;
				CLANG_WARN_INT_CONVERSION = YES;
				CLANG_WARN_NON_LITERAL_NULL_CONVERSION = YES;
				CLANG_WARN_OBJC_IMPLICIT_RETAIN_SELF = YES;
				CLANG_WARN_OBJC_LITERAL_CONVERSION = YES;
				CLANG_WARN_OBJC_ROOT_CLASS = YES_ERROR;
				CLANG_WARN_QUOTED_INCLUDE_IN_FRAMEWORK_HEADER = YES;
				CLANG_WARN_RANGE_LOOP_ANALYSIS = YES;
				CLANG_WARN_STRICT_PROTOTYPES = YES;
				CLANG_WARN_SUSPICIOUS_MOVE = YES;
				CLANG_WARN_UNGUARDED_AVAILABILITY = YES_AGGRESSIVE;
				CLANG_WARN_UNREACHABLE_CODE = YES;
				CLANG_WARN__DUPLICATE_METHOD_MATCH = YES;
				COPY_PHASE_STRIP = NO;
				DEBUG_INFORMATION_FORMAT = "dwarf-with-dsym";
				ENABLE_NS_ASSERTIONS = NO;
				ENABLE_STRICT_OBJC_MSGSEND = YES;
				GCC_C_LANGUAGE_STANDARD = gnu11;
				GCC_NO_COMMON_BLOCKS = YES;
				GCC_WARN_64_TO_32_BIT_CONVERSION = YES;
				GCC_WARN_ABOUT_RETURN_TYPE = YES_ERROR;
				GCC_WARN_UNDECLARED_SELECTOR = YES;
				GCC_WARN_UNINITIALIZED_AUTOS = YES_AGGRESSIVE;
				GCC_WARN_UNUSED_FUNCTION = YES;
				GCC_WARN_UNUSED_VARIABLE = YES;
				MACOSX_DEPLOYMENT_TARGET = 12.5;
				MTL_ENABLE_DEBUG_INFO = NO;
				MTL_FAST_MATH = YES;
				SDKROOT = macosx;
				SWIFT_COMPILATION_MODE = wholemodule;
				SWIFT_OPTIMIZATION_LEVEL = "-O";
			};
			name = Release;
		};
		04E2C08C28B9155E0076F292 /* Debug */ = {
			isa = XCBuildConfiguration;
			buildSettings = {
				ASSETCATALOG_COMPILER_APPICON_NAME = AppIcon;
				ASSETCATALOG_COMPILER_GLOBAL_ACCENT_COLOR_NAME = AccentColor;
				CODE_SIGN_ENTITLEMENTS = "SlideKitDemo-macOS/SlideKitDemo_macOS.entitlements";
				CODE_SIGN_STYLE = Automatic;
				COMBINE_HIDPI_IMAGES = YES;
				CURRENT_PROJECT_VERSION = 1;
				DEVELOPMENT_ASSET_PATHS = "\"SlideKitDemo-macOS/Preview Content\"";
				DEVELOPMENT_TEAM = B63K72WB8Z;
				ENABLE_HARDENED_RUNTIME = YES;
				ENABLE_PREVIEWS = YES;
				GENERATE_INFOPLIST_FILE = YES;
				INFOPLIST_KEY_NSHumanReadableCopyright = "";
				LD_RUNPATH_SEARCH_PATHS = (
					"$(inherited)",
					"@executable_path/../Frameworks",
				);
				MARKETING_VERSION = 1.0;
				PRODUCT_BUNDLE_IDENTIFIER = "net.matsuji.SlideKitDemo-macOS";
				PRODUCT_NAME = "$(TARGET_NAME)";
				SWIFT_EMIT_LOC_STRINGS = YES;
				SWIFT_VERSION = 5.0;
			};
			name = Debug;
		};
		04E2C08D28B9155E0076F292 /* Release */ = {
			isa = XCBuildConfiguration;
			buildSettings = {
				ASSETCATALOG_COMPILER_APPICON_NAME = AppIcon;
				ASSETCATALOG_COMPILER_GLOBAL_ACCENT_COLOR_NAME = AccentColor;
				CODE_SIGN_ENTITLEMENTS = "SlideKitDemo-macOS/SlideKitDemo_macOS.entitlements";
				CODE_SIGN_STYLE = Automatic;
				COMBINE_HIDPI_IMAGES = YES;
				CURRENT_PROJECT_VERSION = 1;
				DEVELOPMENT_ASSET_PATHS = "\"SlideKitDemo-macOS/Preview Content\"";
				DEVELOPMENT_TEAM = B63K72WB8Z;
				ENABLE_HARDENED_RUNTIME = YES;
				ENABLE_PREVIEWS = YES;
				GENERATE_INFOPLIST_FILE = YES;
				INFOPLIST_KEY_NSHumanReadableCopyright = "";
				LD_RUNPATH_SEARCH_PATHS = (
					"$(inherited)",
					"@executable_path/../Frameworks",
				);
				MARKETING_VERSION = 1.0;
				PRODUCT_BUNDLE_IDENTIFIER = "net.matsuji.SlideKitDemo-macOS";
				PRODUCT_NAME = "$(TARGET_NAME)";
				SWIFT_EMIT_LOC_STRINGS = YES;
				SWIFT_VERSION = 5.0;
			};
			name = Release;
		};
/* End XCBuildConfiguration section */

/* Begin XCConfigurationList section */
		04E2C07728B9155D0076F292 /* Build configuration list for PBXProject "SlideKitDemo-macOS" */ = {
			isa = XCConfigurationList;
			buildConfigurations = (
				04E2C08928B9155E0076F292 /* Debug */,
				04E2C08A28B9155E0076F292 /* Release */,
			);
			defaultConfigurationIsVisible = 0;
			defaultConfigurationName = Release;
		};
		04E2C08B28B9155E0076F292 /* Build configuration list for PBXNativeTarget "SlideKitDemo-macOS" */ = {
			isa = XCConfigurationList;
			buildConfigurations = (
				04E2C08C28B9155E0076F292 /* Debug */,
				04E2C08D28B9155E0076F292 /* Release */,
			);
			defaultConfigurationIsVisible = 0;
			defaultConfigurationName = Release;
		};
/* End XCConfigurationList section */

/* Begin XCSwiftPackageProductDependency section */
		04E2C08F28B915A60076F292 /* SlideKit */ = {
			isa = XCSwiftPackageProductDependency;
			productName = SlideKit;
		};
/* End XCSwiftPackageProductDependency section */
	};
	rootObject = 04E2C07428B9155D0076F292 /* Project object */;
}
